
Microsoft Visual Studio Solution File, Format Version 12.00
# Visual Studio Version 17
VisualStudioVersion = 17.8.34309.116
MinimumVisualStudioVersion = 10.0.40219.1
Project("{FAE04EC0-301F-11D3-BF4B-00C04F79EFBC}") = "ConsoleSubmarineApp", "ConsoleSubmarineApp.csproj", "{909675FA-A8B2-4A16-BB3F-263E801D3143}"
EndProject
Project("{FAE04EC0-301F-11D3-BF4B-00C04F79EFBC}") = "SubmarineModules", "..\SubmarineModules\SubmarineModules.csproj", "{576A2B22-C6FB-46DC-B236-8859F07B2D3F}"
EndProject
Project("{FAE04EC0-301F-11D3-BF4B-00C04F79EFBC}") = "SonarInterfaceServices", "..\SonarInterfaces\SonarInterfaceServices.csproj", "{047F54B0-9FE7-46BD-9790-9BBA06B738E6}"
EndProject
Project("{FAE04EC0-301F-11D3-BF4B-00C04F79EFBC}") = "SonarImplementationServices", "..\SonarImplementationServices\SonarImplementationServices.csproj", "{43F933CF-7A87-4157-A0BF-111E4EAD0FBF}"
EndProject
Project("{FAE04EC0-301F-11D3-BF4B-00C04F79EFBC}") = "SubmarineTest", "..\SubmarineTest\SubmarineTest.csproj", "{20014DEF-435E-420B-8160-5B19ED1618A6}"
EndProject
Global
	GlobalSection(SolutionConfigurationPlatforms) = preSolution
		Debug|Any CPU = Debug|Any CPU
		Release|Any CPU = Release|Any CPU
	EndGlobalSection
	GlobalSection(ProjectConfigurationPlatforms) = postSolution
		{909675FA-A8B2-4A16-BB3F-263E801D3143}.Debug|Any CPU.ActiveCfg = Debug|Any CPU
		{909675FA-A8B2-4A16-BB3F-263E801D3143}.Debug|Any CPU.Build.0 = Debug|Any CPU
		{909675FA-A8B2-4A16-BB3F-263E801D3143}.Release|Any CPU.ActiveCfg = Release|Any CPU
		{909675FA-A8B2-4A16-BB3F-263E801D3143}.Release|Any CPU.Build.0 = Release|Any CPU
		{576A2B22-C6FB-46DC-B236-8859F07B2D3F}.Debug|Any CPU.ActiveCfg = Debug|Any CPU
		{576A2B22-C6FB-46DC-B236-8859F07B2D3F}.Debug|Any CPU.Build.0 = Debug|Any CPU
		{576A2B22-C6FB-46DC-B236-8859F07B2D3F}.Release|Any CPU.ActiveCfg = Release|Any CPU
		{576A2B22-C6FB-46DC-B236-8859F07B2D3F}.Release|Any CPU.Build.0 = Release|Any CPU
		{047F54B0-9FE7-46BD-9790-9BBA06B738E6}.Debug|Any CPU.ActiveCfg = Debug|Any CPU
		{047F54B0-9FE7-46BD-9790-9BBA06B738E6}.Debug|Any CPU.Build.0 = Debug|Any CPU
		{047F54B0-9FE7-46BD-9790-9BBA06B738E6}.Release|Any CPU.ActiveCfg = Release|Any CPU
		{047F54B0-9FE7-46BD-9790-9BBA06B738E6}.Release|Any CPU.Build.0 = Release|Any CPU
		{43F933CF-7A87-4157-A0BF-111E4EAD0FBF}.Debug|Any CPU.ActiveCfg = Debug|Any CPU
		{43F933CF-7A87-4157-A0BF-111E4EAD0FBF}.Debug|Any CPU.Build.0 = Debug|Any CPU
		{43F933CF-7A87-4157-A0BF-111E4EAD0FBF}.Release|Any CPU.ActiveCfg = Release|Any CPU
		{43F933CF-7A87-4157-A0BF-111E4EAD0FBF}.Release|Any CPU.Build.0 = Release|Any CPU
		{20014DEF-435E-420B-8160-5B19ED1618A6}.Debug|Any CPU.ActiveCfg = Debug|Any CPU
		{20014DEF-435E-420B-8160-5B19ED1618A6}.Debug|Any CPU.Build.0 = Debug|Any CPU
		{20014DEF-435E-420B-8160-5B19ED1618A6}.Release|Any CPU.ActiveCfg = Release|Any CPU
		{20014DEF-435E-420B-8160-5B19ED1618A6}.Release|Any CPU.Build.0 = Release|Any CPU
	EndGlobalSection
	GlobalSection(SolutionProperties) = preSolution
		HideSolutionNode = FALSE
	EndGlobalSection
	GlobalSection(ExtensibilityGlobals) = postSolution
		SolutionGuid = {78D65212-C1DA-4AEC-9031-A5F3EE6AA7E5}
	EndGlobalSection
EndGlobal
